
Microsoft Visual Studio Solution File, Format Version 12.00
# Visual Studio 2012
Project("{FAE04EC0-301F-11D3-BF4B-00C04F79EFBC}") = "WebApplication1", "WebApplication1\WebApplication1.csproj", "{38C75FC1-F0AE-4ECA-93CA-04AE7289640E}"
EndProject
Global
	GlobalSection(SolutionConfigurationPlatforms) = preSolution
		Debug|Any CPU = Debug|Any CPU
		Release|Any CPU = Release|Any CPU
	EndGlobalSection
	GlobalSection(ProjectConfigurationPlatforms) = postSolution
		{38C75FC1-F0AE-4ECA-93CA-04AE7289640E}.Debug|Any CPU.ActiveCfg = Debug|Any CPU
		{38C75FC1-F0AE-4ECA-93CA-04AE7289640E}.Debug|Any CPU.Build.0 = Debug|Any CPU
		{38C75FC1-F0AE-4ECA-93CA-04AE7289640E}.Release|Any CPU.ActiveCfg = Release|Any CPU
		{38C75FC1-F0AE-4ECA-93CA-04AE7289640E}.Release|Any CPU.Build.0 = Release|Any CPU
	EndGlobalSection
	GlobalSection(SolutionProperties) = preSolution
		HideSolutionNode = FALSE
	EndGlobalSection
EndGlobal
